
Microsoft Visual Studio Solution File, Format Version 12.00
# Visual Studio Version 16
VisualStudioVersion = 16.0.30523.141
MinimumVisualStudioVersion = 10.0.40219.1
Project("{FAE04EC0-301F-11D3-BF4B-00C04F79EFBC}") = "SeaBattleRandomGridGenerator", "SeaBattleRandomGridGenerator\SeaBattleRandomGridGenerator.csproj", "{AA7165B7-89B0-4100-A576-9CBAD7E5D7EB}"
EndProject
Global
	GlobalSection(SolutionConfigurationPlatforms) = preSolution
		Debug|Any CPU = Debug|Any CPU
		Release|Any CPU = Release|Any CPU
	EndGlobalSection
	GlobalSection(ProjectConfigurationPlatforms) = postSolution
		{AA7165B7-89B0-4100-A576-9CBAD7E5D7EB}.Debug|Any CPU.ActiveCfg = Debug|Any CPU
		{AA7165B7-89B0-4100-A576-9CBAD7E5D7EB}.Debug|Any CPU.Build.0 = Debug|Any CPU
		{AA7165B7-89B0-4100-A576-9CBAD7E5D7EB}.Release|Any CPU.ActiveCfg = Release|Any CPU
		{AA7165B7-89B0-4100-A576-9CBAD7E5D7EB}.Release|Any CPU.Build.0 = Release|Any CPU
	EndGlobalSection
	GlobalSection(SolutionProperties) = preSolution
		HideSolutionNode = FALSE
	EndGlobalSection
	GlobalSection(ExtensibilityGlobals) = postSolution
		SolutionGuid = {3A07ED7C-9832-4550-9BC7-1C87726B33E7}
	EndGlobalSection
EndGlobal
